Microsoft Visual Studio Solution File, Format Version 12.00
# Visual Studio Version 17
VisualStudioVersion = 17.5.002.0
MinimumVisualStudioVersion = 10.0.40219.1
Project("{9A19103F-16F7-4668-BE54-9A1E7A4F7556}") = "combatsim", "combatsim.csproj", "{2F0FE2FD-2BDD-4958-8CE6-3823210EA46E}"
EndProject
Global
	GlobalSection(SolutionConfigurationPlatforms) = preSolution
		Debug|Any CPU = Debug|Any CPU
		Release|Any CPU = Release|Any CPU
	EndGlobalSection
	GlobalSection(ProjectConfigurationPlatforms) = postSolution
		{2F0FE2FD-2BDD-4958-8CE6-3823210EA46E}.Debug|Any CPU.ActiveCfg = Debug|Any CPU
		{2F0FE2FD-2BDD-4958-8CE6-3823210EA46E}.Debug|Any CPU.Build.0 = Debug|Any CPU
		{2F0FE2FD-2BDD-4958-8CE6-3823210EA46E}.Release|Any CPU.ActiveCfg = Release|Any CPU
		{2F0FE2FD-2BDD-4958-8CE6-3823210EA46E}.Release|Any CPU.Build.0 = Release|Any CPU
	EndGlobalSection
	GlobalSection(SolutionProperties) = preSolution
		HideSolutionNode = FALSE
	EndGlobalSection
	GlobalSection(ExtensibilityGlobals) = postSolution
		SolutionGuid = {15BAC1E8-46C6-4D15-A63E-449029B6E618}
	EndGlobalSection
EndGlobal
